# This file is autogenerated, do not edit; changes may be undone by the next 'dep ensure'.


[[projects]]
  branch = "master"
  name = "github.com/ViBiOh/auth"
  packages = [
    "auth",
    "cookie",
    "provider",
    "provider/basic",
    "provider/github",
    "service"
  ]
  revision = "c5e1f2deb74c0bbb918e20cef2874e1555c90e00"

[[projects]]
  branch = "master"
  name = "github.com/ViBiOh/httputils"
  packages = [
    ".",
    "alcotest",
    "cert",
    "cors",
    "httperror",
    "json",
    "owasp",
    "request",
    "server",
    "templates",
    "tools",
    "uuid",
    "writer"
  ]
  revision = "62e65eaf0b7225a50c75a2de20a53c9e125dbf76"

[[projects]]
  name = "github.com/golang/protobuf"
  packages = ["proto"]
  revision = "925541529c1fa6821df4e44ce2723319eb2be768"
  version = "v1.0.0"

[[projects]]
  name = "github.com/tdewolff/minify"
  packages = [
    ".",
    "css",
    "html",
    "js",
    "xml"
  ]
  revision = "222672169d634c440a73abc47685074e1a9daa60"
  version = "v2.3.4"

[[projects]]
  name = "github.com/tdewolff/parse"
  packages = [
    ".",
    "buffer",
    "css",
    "html",
    "js",
    "strconv",
    "xml"
  ]
  revision = "639f6272aec6b52094db77b9ec488214b0b4b1a1"
  version = "v2.3.2"

[[projects]]
  branch = "master"
  name = "golang.org/x/crypto"
  packages = [
    "bcrypt",
    "blowfish"
  ]
  revision = "8c653846df49742c4c85ec37e5d9f8d3ba657895"

[[projects]]
  branch = "master"
  name = "golang.org/x/net"
  packages = [
    "context",
    "context/ctxhttp"
  ]
  revision = "cbe0f9307d0156177f9dd5dc85da1a31abc5f2fb"

[[projects]]
  branch = "master"
  name = "golang.org/x/oauth2"
  packages = [
    ".",
    "github",
    "internal"
  ]
  revision = "d7d64896b5ff88e703f289390e3e98cd010a837e"

[[projects]]
  name = "google.golang.org/appengine"
  packages = [
    "internal",
    "internal/base",
    "internal/datastore",
    "internal/log",
    "internal/remote_api",
    "internal/urlfetch",
    "urlfetch"
  ]
  revision = "150dc57a1b433e64154302bdc40b6bb8aefa313a"
  version = "v1.0.0"

[solve-meta]
  analyzer-name = "dep"
  analyzer-version = 1
  inputs-digest = "0ddb5e25443dc8424955163d63be126a1288bb347197d9e858fd1301739c5f95"
  solver-name = "gps-cdcl"
  solver-version = 1
