# This file is autogenerated, do not edit; changes may be undone by the next 'dep ensure'.


[[projects]]
  branch = "master"
  name = "github.com/ViBiOh/auth"
  packages = [
    "auth",
    "cookie",
    "provider",
    "provider/basic",
    "provider/github",
    "provider/twitter",
    "service"
  ]
  revision = "9f023884fbc6cebb58f1fbb3f556b7b1417e2580"

[[projects]]
  branch = "master"
  name = "github.com/ViBiOh/httputils"
  packages = [
    ".",
    "alcotest",
    "cert",
    "cors",
    "httperror",
    "httpjson",
    "owasp",
    "request",
    "server",
    "templates",
    "tools",
    "uuid",
    "writer"
  ]
  revision = "9fdf00023e957b3f8b87805f09a4a3f589fa06b7"

[[projects]]
  branch = "master"
  name = "github.com/ViBiOh/viws"
  packages = [
    "utils",
    "viws"
  ]
  revision = "76b8c0179d63e8d7f6bb1515d418d6dfa3be4ff6"

[[projects]]
  name = "github.com/golang/protobuf"
  packages = ["proto"]
  revision = "925541529c1fa6821df4e44ce2723319eb2be768"
  version = "v1.0.0"

[[projects]]
  name = "github.com/tdewolff/minify"
  packages = [
    ".",
    "css",
    "html",
    "js",
    "xml"
  ]
  revision = "222672169d634c440a73abc47685074e1a9daa60"
  version = "v2.3.4"

[[projects]]
  name = "github.com/tdewolff/parse"
  packages = [
    ".",
    "buffer",
    "css",
    "html",
    "js",
    "strconv",
    "xml"
  ]
  revision = "639f6272aec6b52094db77b9ec488214b0b4b1a1"
  version = "v2.3.2"

[[projects]]
  branch = "master"
  name = "golang.org/x/crypto"
  packages = [
    "bcrypt",
    "blowfish"
  ]
  revision = "374053ea96cb300f8671b8d3b07edeeb06e203b4"

[[projects]]
  branch = "master"
  name = "golang.org/x/net"
  packages = [
    "context",
    "context/ctxhttp"
  ]
  revision = "24dd3780ca4f75fed9f321890729414a4b5d3f13"

[[projects]]
  branch = "master"
  name = "golang.org/x/oauth2"
  packages = [
    ".",
    "github",
    "internal"
  ]
  revision = "fdc9e635145ae97e6c2cb777c48305600cf515cb"

[[projects]]
  name = "google.golang.org/appengine"
  packages = [
    "internal",
    "internal/base",
    "internal/datastore",
    "internal/log",
    "internal/remote_api",
    "internal/urlfetch",
    "urlfetch"
  ]
  revision = "150dc57a1b433e64154302bdc40b6bb8aefa313a"
  version = "v1.0.0"

[solve-meta]
  analyzer-name = "dep"
  analyzer-version = 1
  inputs-digest = "204bc76e9e678fd38310318c28662ae54d4eba13bc9f699ff6d0a18ea7168ffa"
  solver-name = "gps-cdcl"
  solver-version = 1
